// !$*UTF8*$!
{
	archiveVersion = 1;
	classes = {
	};
	objectVersion = 51;
	objects = {

/* Begin PBXBuildFile section */
		035314BA1DD560AE73582780 /* Pods_MarvelCharacters_MarvelCharactersUITests.framework in Frameworks */ = {isa = PBXBuildFile; fileRef = 78FAEF4821A47B970437B407 /* Pods_MarvelCharacters_MarvelCharactersUITests.framework */; };
		5812E14025AD48AD00A0CA3E /* MarvelImage.swift in Sources */ = {isa = PBXBuildFile; fileRef = 5812E13F25AD48AD00A0CA3E /* MarvelImage.swift */; };
		5812E14525AD521B00A0CA3E /* UIImageView+Extensions.swift in Sources */ = {isa = PBXBuildFile; fileRef = 5812E14425AD521B00A0CA3E /* UIImageView+Extensions.swift */; };
		586245A625AE9A00000EE28E /* PaddingLabel.swift in Sources */ = {isa = PBXBuildFile; fileRef = 586245A525AE9A00000EE28E /* PaddingLabel.swift */; };
		586245B225AEA20A000EE28E /* FavoritesFactory.swift in Sources */ = {isa = PBXBuildFile; fileRef = 586245AA25AEA20A000EE28E /* FavoritesFactory.swift */; };
		586245B325AEA20A000EE28E /* FavoritesPresenter.swift in Sources */ = {isa = PBXBuildFile; fileRef = 586245AB25AEA20A000EE28E /* FavoritesPresenter.swift */; };
		586245B425AEA20A000EE28E /* FavoritesWorker.swift in Sources */ = {isa = PBXBuildFile; fileRef = 586245AC25AEA20A000EE28E /* FavoritesWorker.swift */; };
		586245B525AEA20A000EE28E /* FavoritesRouter.swift in Sources */ = {isa = PBXBuildFile; fileRef = 586245AD25AEA20A000EE28E /* FavoritesRouter.swift */; };
		586245B625AEA20A000EE28E /* FavoritesModels.swift in Sources */ = {isa = PBXBuildFile; fileRef = 586245AE25AEA20A000EE28E /* FavoritesModels.swift */; };
		586245B725AEA20A000EE28E /* FavoritesViewController.swift in Sources */ = {isa = PBXBuildFile; fileRef = 586245AF25AEA20A000EE28E /* FavoritesViewController.swift */; };
		586245B825AEA20A000EE28E /* FavoritesInteractor.swift in Sources */ = {isa = PBXBuildFile; fileRef = 586245B025AEA20A000EE28E /* FavoritesInteractor.swift */; };
		586245BE25AEA426000EE28E /* Reachability.swift in Sources */ = {isa = PBXBuildFile; fileRef = 586245BD25AEA426000EE28E /* Reachability.swift */; };
		586245C925AEA7BC000EE28E /* DataProvider.swift in Sources */ = {isa = PBXBuildFile; fileRef = 586245C825AEA7BC000EE28E /* DataProvider.swift */; };
		586245CE25AEAF4D000EE28E /* MarvelDataProvider.swift in Sources */ = {isa = PBXBuildFile; fileRef = 586245CD25AEAF4D000EE28E /* MarvelDataProvider.swift */; };
		5880D8FA25AAB74B00D7F71E /* MarvelAPI.swift in Sources */ = {isa = PBXBuildFile; fileRef = 5880D8F925AAB74B00D7F71E /* MarvelAPI.swift */; };
		588DEDEA25B114180026349C /* MarvelRegular-Dj83.ttf in Resources */ = {isa = PBXBuildFile; fileRef = 588DEDE925B114180026349C /* MarvelRegular-Dj83.ttf */; };
		588DEDEF25B114D00026349C /* UIFont+Custom.swift in Sources */ = {isa = PBXBuildFile; fileRef = 588DEDEE25B114D00026349C /* UIFont+Custom.swift */; };
		588DEDFB25B12D420026349C /* CharacterDetailsFactory.swift in Sources */ = {isa = PBXBuildFile; fileRef = 588DEDF325B12D410026349C /* CharacterDetailsFactory.swift */; };
		588DEDFC25B12D420026349C /* CharacterDetailsPresenter.swift in Sources */ = {isa = PBXBuildFile; fileRef = 588DEDF425B12D410026349C /* CharacterDetailsPresenter.swift */; };
		588DEDFD25B12D420026349C /* CharacterDetailsWorker.swift in Sources */ = {isa = PBXBuildFile; fileRef = 588DEDF525B12D410026349C /* CharacterDetailsWorker.swift */; };
		588DEDFE25B12D420026349C /* CharacterDetailsRouter.swift in Sources */ = {isa = PBXBuildFile; fileRef = 588DEDF625B12D410026349C /* CharacterDetailsRouter.swift */; };
		588DEDFF25B12D420026349C /* CharacterDetailsModels.swift in Sources */ = {isa = PBXBuildFile; fileRef = 588DEDF725B12D410026349C /* CharacterDetailsModels.swift */; };
		588DEE0025B12D420026349C /* CharacterDetailsViewController.swift in Sources */ = {isa = PBXBuildFile; fileRef = 588DEDF825B12D420026349C /* CharacterDetailsViewController.swift */; };
		588DEE0125B12D420026349C /* CharacterDetailsInteractor.swift in Sources */ = {isa = PBXBuildFile; fileRef = 588DEDF925B12D420026349C /* CharacterDetailsInteractor.swift */; };
		588DEE0225B12D420026349C /* CharacterDetailsView.swift in Sources */ = {isa = PBXBuildFile; fileRef = 588DEDFA25B12D420026349C /* CharacterDetailsView.swift */; };
		588DEE0725B1303C0026349C /* CarouselView.swift in Sources */ = {isa = PBXBuildFile; fileRef = 588DEE0625B1303C0026349C /* CarouselView.swift */; };
		588DEE0C25B1328D0026349C /* CarouselViewCell.swift in Sources */ = {isa = PBXBuildFile; fileRef = 588DEE0B25B1328D0026349C /* CarouselViewCell.swift */; };
		58B1C43525AAC494002A82E7 /* HTTPRequestParams.swift in Sources */ = {isa = PBXBuildFile; fileRef = 58B1C43425AAC494002A82E7 /* HTTPRequestParams.swift */; };
		58B1C43A25AACF23002A82E7 /* APIProvider.swift in Sources */ = {isa = PBXBuildFile; fileRef = 58B1C43925AACF23002A82E7 /* APIProvider.swift */; };
		58B1C43F25AAD0EF002A82E7 /* APIError.swift in Sources */ = {isa = PBXBuildFile; fileRef = 58B1C43E25AAD0EF002A82E7 /* APIError.swift */; };
		58B1C47A25AB96BE002A82E7 /* URLRequestConvertible.swift in Sources */ = {isa = PBXBuildFile; fileRef = 58B1C47925AB96BE002A82E7 /* URLRequestConvertible.swift */; };
		58B1C48025AB9807002A82E7 /* String+Extensions.swift in Sources */ = {isa = PBXBuildFile; fileRef = 58B1C47F25AB9807002A82E7 /* String+Extensions.swift */; };
		58B1C48825AB9C53002A82E7 /* MarvelAPIConstants.swift in Sources */ = {isa = PBXBuildFile; fileRef = 58B1C48725AB9C53002A82E7 /* MarvelAPIConstants.swift */; };
		58B1C49F25ABBB11002A82E7 /* CharactersResponse.swift in Sources */ = {isa = PBXBuildFile; fileRef = 58B1C49E25ABBB11002A82E7 /* CharactersResponse.swift */; };
		58B1C4A825ABD226002A82E7 /* characters.json in Resources */ = {isa = PBXBuildFile; fileRef = 58B1C4A725ABD226002A82E7 /* characters.json */; };
		58B1C4B125ABD39E002A82E7 /* MockReader.swift in Sources */ = {isa = PBXBuildFile; fileRef = 58B1C4B025ABD39E002A82E7 /* MockReader.swift */; };
		58B1C4D225ABD7FE002A82E7 /* Character.swift in Sources */ = {isa = PBXBuildFile; fileRef = 58B1C4D125ABD7FE002A82E7 /* Character.swift */; };
		58B1C4DF25ABE853002A82E7 /* UIColor+Palette.swift in Sources */ = {isa = PBXBuildFile; fileRef = 58B1C4DE25ABE853002A82E7 /* UIColor+Palette.swift */; };
		58B1C4E425ABE8DF002A82E7 /* UIColor+Extensions.swift in Sources */ = {isa = PBXBuildFile; fileRef = 58B1C4E325ABE8DF002A82E7 /* UIColor+Extensions.swift */; };
		58B1C4F225ABF061002A82E7 /* CharactersViewCell.swift in Sources */ = {isa = PBXBuildFile; fileRef = 58B1C4F125ABF061002A82E7 /* CharactersViewCell.swift */; };
		58B1C4FA25ABFD8A002A82E7 /* StarView.swift in Sources */ = {isa = PBXBuildFile; fileRef = 58B1C4F925ABFD8A002A82E7 /* StarView.swift */; };
		58F85FBA25A9539C00A17781 /* AppDelegate.swift in Sources */ = {isa = PBXBuildFile; fileRef = 58F85FB925A9539C00A17781 /* AppDelegate.swift */; };
		58F85FBC25A9539C00A17781 /* SceneDelegate.swift in Sources */ = {isa = PBXBuildFile; fileRef = 58F85FBB25A9539C00A17781 /* SceneDelegate.swift */; };
		58F85FC425A9539C00A17781 /* MarvelCharacters.xcdatamodeld in Sources */ = {isa = PBXBuildFile; fileRef = 58F85FC225A9539C00A17781 /* MarvelCharacters.xcdatamodeld */; };
		58F85FC625A9539D00A17781 /* Assets.xcassets in Resources */ = {isa = PBXBuildFile; fileRef = 58F85FC525A9539D00A17781 /* Assets.xcassets */; };
		58F85FC925A9539D00A17781 /* LaunchScreen.storyboard in Resources */ = {isa = PBXBuildFile; fileRef = 58F85FC725A9539D00A17781 /* LaunchScreen.storyboard */; };
		58F85FD425A9539D00A17781 /* MarvelCharactersTests.swift in Sources */ = {isa = PBXBuildFile; fileRef = 58F85FD325A9539D00A17781 /* MarvelCharactersTests.swift */; };
		58F85FDF25A9539D00A17781 /* MarvelCharactersUITests.swift in Sources */ = {isa = PBXBuildFile; fileRef = 58F85FDE25A9539D00A17781 /* MarvelCharactersUITests.swift */; };
		58F8600F25A95CC600A17781 /* CharactersFactory.swift in Sources */ = {isa = PBXBuildFile; fileRef = 58F8600725A95CC600A17781 /* CharactersFactory.swift */; };
		58F8601025A95CC600A17781 /* CharactersPresenter.swift in Sources */ = {isa = PBXBuildFile; fileRef = 58F8600825A95CC600A17781 /* CharactersPresenter.swift */; };
		58F8601125A95CC600A17781 /* CharactersWorker.swift in Sources */ = {isa = PBXBuildFile; fileRef = 58F8600925A95CC600A17781 /* CharactersWorker.swift */; };
		58F8601225A95CC600A17781 /* CharactersRouter.swift in Sources */ = {isa = PBXBuildFile; fileRef = 58F8600A25A95CC600A17781 /* CharactersRouter.swift */; };
		58F8601325A95CC600A17781 /* CharactersModels.swift in Sources */ = {isa = PBXBuildFile; fileRef = 58F8600B25A95CC600A17781 /* CharactersModels.swift */; };
		58F8601425A95CC600A17781 /* CharactersViewController.swift in Sources */ = {isa = PBXBuildFile; fileRef = 58F8600C25A95CC600A17781 /* CharactersViewController.swift */; };
		58F8601525A95CC600A17781 /* CharactersInteractor.swift in Sources */ = {isa = PBXBuildFile; fileRef = 58F8600D25A95CC600A17781 /* CharactersInteractor.swift */; };
		58F8601625A95CC600A17781 /* CharactersView.swift in Sources */ = {isa = PBXBuildFile; fileRef = 58F8600E25A95CC600A17781 /* CharactersView.swift */; };
		58F8601C25A95D0F00A17781 /* ViewCode.swift in Sources */ = {isa = PBXBuildFile; fileRef = 58F8601B25A95D0F00A17781 /* ViewCode.swift */; };
		58F8603025A960CE00A17781 /* CharactersTabViewController.swift in Sources */ = {isa = PBXBuildFile; fileRef = 58F8602F25A960CE00A17781 /* CharactersTabViewController.swift */; };
		7F5EF96B9A0A20C40AD6B939 /* Pods_MarvelCharactersTests.framework in Frameworks */ = {isa = PBXBuildFile; fileRef = BFB131192ECD970B3AEB4BF0 /* Pods_MarvelCharactersTests.framework */; };
		8991820A1AB56DB3C15AFFCE /* Pods_MarvelCharacters.framework in Frameworks */ = {isa = PBXBuildFile; fileRef = FF0C631268824321092491C4 /* Pods_MarvelCharacters.framework */; };
/* End PBXBuildFile section */

/* Begin PBXContainerItemProxy section */
		58F85FD025A9539D00A17781 /* PBXContainerItemProxy */ = {
			isa = PBXContainerItemProxy;
			containerPortal = 58F85FAE25A9539C00A17781 /* Project object */;
			proxyType = 1;
			remoteGlobalIDString = 58F85FB525A9539C00A17781;
			remoteInfo = MarvelCharacters;
		};
		58F85FDB25A9539D00A17781 /* PBXContainerItemProxy */ = {
			isa = PBXContainerItemProxy;
			containerPortal = 58F85FAE25A9539C00A17781 /* Project object */;
			proxyType = 1;
			remoteGlobalIDString = 58F85FB525A9539C00A17781;
			remoteInfo = MarvelCharacters;
		};
/* End PBXContainerItemProxy section */

/* Begin PBXFileReference section */
		0CD239B65DD0DB6B452C6ABB /* Pods-MarvelCharacters.release.xcconfig */ = {isa = PBXFileReference; includeInIndex = 1; lastKnownFileType = text.xcconfig; name = "Pods-MarvelCharacters.release.xcconfig"; path = "Target Support Files/Pods-MarvelCharacters/Pods-MarvelCharacters.release.xcconfig"; sourceTree = "<group>"; };
		39A6B13FACCF4931C0380289 /* Pods-MarvelCharactersTests.debug.xcconfig */ = {isa = PBXFileReference; includeInIndex = 1; lastKnownFileType = text.xcconfig; name = "Pods-MarvelCharactersTests.debug.xcconfig"; path = "Target Support Files/Pods-MarvelCharactersTests/Pods-MarvelCharactersTests.debug.xcconfig"; sourceTree = "<group>"; };
		5812E13F25AD48AD00A0CA3E /* MarvelImage.swift */ = {isa = PBXFileReference; lastKnownFileType = sourcecode.swift; path = MarvelImage.swift; sourceTree = "<group>"; };
		5812E14425AD521B00A0CA3E /* UIImageView+Extensions.swift */ = {isa = PBXFileReference; lastKnownFileType = sourcecode.swift; path = "UIImageView+Extensions.swift"; sourceTree = "<group>"; };
		586245A525AE9A00000EE28E /* PaddingLabel.swift */ = {isa = PBXFileReference; lastKnownFileType = sourcecode.swift; path = PaddingLabel.swift; sourceTree = "<group>"; };
		586245AA25AEA20A000EE28E /* FavoritesFactory.swift */ = {isa = PBXFileReference; lastKnownFileType = sourcecode.swift; path = FavoritesFactory.swift; sourceTree = "<group>"; };
		586245AB25AEA20A000EE28E /* FavoritesPresenter.swift */ = {isa = PBXFileReference; lastKnownFileType = sourcecode.swift; path = FavoritesPresenter.swift; sourceTree = "<group>"; };
		586245AC25AEA20A000EE28E /* FavoritesWorker.swift */ = {isa = PBXFileReference; lastKnownFileType = sourcecode.swift; path = FavoritesWorker.swift; sourceTree = "<group>"; };
		586245AD25AEA20A000EE28E /* FavoritesRouter.swift */ = {isa = PBXFileReference; lastKnownFileType = sourcecode.swift; path = FavoritesRouter.swift; sourceTree = "<group>"; };
		586245AE25AEA20A000EE28E /* FavoritesModels.swift */ = {isa = PBXFileReference; lastKnownFileType = sourcecode.swift; path = FavoritesModels.swift; sourceTree = "<group>"; };
		586245AF25AEA20A000EE28E /* FavoritesViewController.swift */ = {isa = PBXFileReference; lastKnownFileType = sourcecode.swift; path = FavoritesViewController.swift; sourceTree = "<group>"; };
		586245B025AEA20A000EE28E /* FavoritesInteractor.swift */ = {isa = PBXFileReference; lastKnownFileType = sourcecode.swift; path = FavoritesInteractor.swift; sourceTree = "<group>"; };
		586245BD25AEA426000EE28E /* Reachability.swift */ = {isa = PBXFileReference; lastKnownFileType = sourcecode.swift; path = Reachability.swift; sourceTree = "<group>"; };
		586245C825AEA7BC000EE28E /* DataProvider.swift */ = {isa = PBXFileReference; lastKnownFileType = sourcecode.swift; path = DataProvider.swift; sourceTree = "<group>"; };
		586245CD25AEAF4D000EE28E /* MarvelDataProvider.swift */ = {isa = PBXFileReference; lastKnownFileType = sourcecode.swift; path = MarvelDataProvider.swift; sourceTree = "<group>"; };
		5880D8F325AAB10B00D7F71E /* Config.xcconfig */ = {isa = PBXFileReference; lastKnownFileType = text.xcconfig; path = Config.xcconfig; sourceTree = "<group>"; };
		5880D8F925AAB74B00D7F71E /* MarvelAPI.swift */ = {isa = PBXFileReference; lastKnownFileType = sourcecode.swift; path = MarvelAPI.swift; sourceTree = "<group>"; };
		588DEDE925B114180026349C /* MarvelRegular-Dj83.ttf */ = {isa = PBXFileReference; lastKnownFileType = file; path = "MarvelRegular-Dj83.ttf"; sourceTree = "<group>"; };
		588DEDEE25B114D00026349C /* UIFont+Custom.swift */ = {isa = PBXFileReference; lastKnownFileType = sourcecode.swift; path = "UIFont+Custom.swift"; sourceTree = "<group>"; };
		588DEDF325B12D410026349C /* CharacterDetailsFactory.swift */ = {isa = PBXFileReference; lastKnownFileType = sourcecode.swift; path = CharacterDetailsFactory.swift; sourceTree = "<group>"; };
		588DEDF425B12D410026349C /* CharacterDetailsPresenter.swift */ = {isa = PBXFileReference; lastKnownFileType = sourcecode.swift; path = CharacterDetailsPresenter.swift; sourceTree = "<group>"; };
		588DEDF525B12D410026349C /* CharacterDetailsWorker.swift */ = {isa = PBXFileReference; lastKnownFileType = sourcecode.swift; path = CharacterDetailsWorker.swift; sourceTree = "<group>"; };
		588DEDF625B12D410026349C /* CharacterDetailsRouter.swift */ = {isa = PBXFileReference; lastKnownFileType = sourcecode.swift; path = CharacterDetailsRouter.swift; sourceTree = "<group>"; };
		588DEDF725B12D410026349C /* CharacterDetailsModels.swift */ = {isa = PBXFileReference; lastKnownFileType = sourcecode.swift; path = CharacterDetailsModels.swift; sourceTree = "<group>"; };
		588DEDF825B12D420026349C /* CharacterDetailsViewController.swift */ = {isa = PBXFileReference; lastKnownFileType = sourcecode.swift; path = CharacterDetailsViewController.swift; sourceTree = "<group>"; };
		588DEDF925B12D420026349C /* CharacterDetailsInteractor.swift */ = {isa = PBXFileReference; lastKnownFileType = sourcecode.swift; path = CharacterDetailsInteractor.swift; sourceTree = "<group>"; };
		588DEDFA25B12D420026349C /* CharacterDetailsView.swift */ = {isa = PBXFileReference; lastKnownFileType = sourcecode.swift; path = CharacterDetailsView.swift; sourceTree = "<group>"; };
		588DEE0625B1303C0026349C /* CarouselView.swift */ = {isa = PBXFileReference; lastKnownFileType = sourcecode.swift; path = CarouselView.swift; sourceTree = "<group>"; };
		588DEE0B25B1328D0026349C /* CarouselViewCell.swift */ = {isa = PBXFileReference; lastKnownFileType = sourcecode.swift; path = CarouselViewCell.swift; sourceTree = "<group>"; };
		58B1C43425AAC494002A82E7 /* HTTPRequestParams.swift */ = {isa = PBXFileReference; lastKnownFileType = sourcecode.swift; path = HTTPRequestParams.swift; sourceTree = "<group>"; };
		58B1C43925AACF23002A82E7 /* APIProvider.swift */ = {isa = PBXFileReference; lastKnownFileType = sourcecode.swift; path = APIProvider.swift; sourceTree = "<group>"; };
		58B1C43E25AAD0EF002A82E7 /* APIError.swift */ = {isa = PBXFileReference; lastKnownFileType = sourcecode.swift; path = APIError.swift; sourceTree = "<group>"; };
		58B1C47925AB96BE002A82E7 /* URLRequestConvertible.swift */ = {isa = PBXFileReference; lastKnownFileType = sourcecode.swift; path = URLRequestConvertible.swift; sourceTree = "<group>"; };
		58B1C47F25AB9807002A82E7 /* String+Extensions.swift */ = {isa = PBXFileReference; lastKnownFileType = sourcecode.swift; path = "String+Extensions.swift"; sourceTree = "<group>"; };
		58B1C48725AB9C53002A82E7 /* MarvelAPIConstants.swift */ = {isa = PBXFileReference; lastKnownFileType = sourcecode.swift; path = MarvelAPIConstants.swift; sourceTree = "<group>"; };
		58B1C49E25ABBB11002A82E7 /* CharactersResponse.swift */ = {isa = PBXFileReference; lastKnownFileType = sourcecode.swift; path = CharactersResponse.swift; sourceTree = "<group>"; };
		58B1C4A725ABD226002A82E7 /* characters.json */ = {isa = PBXFileReference; lastKnownFileType = text.json; path = characters.json; sourceTree = "<group>"; };
		58B1C4B025ABD39E002A82E7 /* MockReader.swift */ = {isa = PBXFileReference; lastKnownFileType = sourcecode.swift; path = MockReader.swift; sourceTree = "<group>"; };
		58B1C4D125ABD7FE002A82E7 /* Character.swift */ = {isa = PBXFileReference; lastKnownFileType = sourcecode.swift; path = Character.swift; sourceTree = "<group>"; };
		58B1C4DE25ABE853002A82E7 /* UIColor+Palette.swift */ = {isa = PBXFileReference; lastKnownFileType = sourcecode.swift; path = "UIColor+Palette.swift"; sourceTree = "<group>"; };
		58B1C4E325ABE8DF002A82E7 /* UIColor+Extensions.swift */ = {isa = PBXFileReference; lastKnownFileType = sourcecode.swift; path = "UIColor+Extensions.swift"; sourceTree = "<group>"; };
		58B1C4F125ABF061002A82E7 /* CharactersViewCell.swift */ = {isa = PBXFileReference; lastKnownFileType = sourcecode.swift; path = CharactersViewCell.swift; sourceTree = "<group>"; };
		58B1C4F925ABFD8A002A82E7 /* StarView.swift */ = {isa = PBXFileReference; lastKnownFileType = sourcecode.swift; path = StarView.swift; sourceTree = "<group>"; };
		58F85FB625A9539C00A17781 /* MarvelCharacters.app */ = {isa = PBXFileReference; explicitFileType = wrapper.application; includeInIndex = 0; path = MarvelCharacters.app; sourceTree = BUILT_PRODUCTS_DIR; };
		58F85FB925A9539C00A17781 /* AppDelegate.swift */ = {isa = PBXFileReference; lastKnownFileType = sourcecode.swift; path = AppDelegate.swift; sourceTree = "<group>"; };
		58F85FBB25A9539C00A17781 /* SceneDelegate.swift */ = {isa = PBXFileReference; lastKnownFileType = sourcecode.swift; path = SceneDelegate.swift; sourceTree = "<group>"; };
		58F85FC325A9539C00A17781 /* MarvelCharacters.xcdatamodel */ = {isa = PBXFileReference; lastKnownFileType = wrapper.xcdatamodel; path = MarvelCharacters.xcdatamodel; sourceTree = "<group>"; };
		58F85FC525A9539D00A17781 /* Assets.xcassets */ = {isa = PBXFileReference; lastKnownFileType = folder.assetcatalog; path = Assets.xcassets; sourceTree = "<group>"; };
		58F85FC825A9539D00A17781 /* Base */ = {isa = PBXFileReference; lastKnownFileType = file.storyboard; name = Base; path = Base.lproj/LaunchScreen.storyboard; sourceTree = "<group>"; };
		58F85FCA25A9539D00A17781 /* Info.plist */ = {isa = PBXFileReference; lastKnownFileType = text.plist.xml; path = Info.plist; sourceTree = "<group>"; };
		58F85FCF25A9539D00A17781 /* MarvelCharactersTests.xctest */ = {isa = PBXFileReference; explicitFileType = wrapper.cfbundle; includeInIndex = 0; path = MarvelCharactersTests.xctest; sourceTree = BUILT_PRODUCTS_DIR; };
		58F85FD325A9539D00A17781 /* MarvelCharactersTests.swift */ = {isa = PBXFileReference; lastKnownFileType = sourcecode.swift; path = MarvelCharactersTests.swift; sourceTree = "<group>"; };
		58F85FD525A9539D00A17781 /* Info.plist */ = {isa = PBXFileReference; lastKnownFileType = text.plist.xml; path = Info.plist; sourceTree = "<group>"; };
		58F85FDA25A9539D00A17781 /* MarvelCharactersUITests.xctest */ = {isa = PBXFileReference; explicitFileType = wrapper.cfbundle; includeInIndex = 0; path = MarvelCharactersUITests.xctest; sourceTree = BUILT_PRODUCTS_DIR; };
		58F85FDE25A9539D00A17781 /* MarvelCharactersUITests.swift */ = {isa = PBXFileReference; lastKnownFileType = sourcecode.swift; path = MarvelCharactersUITests.swift; sourceTree = "<group>"; };
		58F85FE025A9539D00A17781 /* Info.plist */ = {isa = PBXFileReference; lastKnownFileType = text.plist.xml; path = Info.plist; sourceTree = "<group>"; };
		58F8600725A95CC600A17781 /* CharactersFactory.swift */ = {isa = PBXFileReference; lastKnownFileType = sourcecode.swift; path = CharactersFactory.swift; sourceTree = "<group>"; };
		58F8600825A95CC600A17781 /* CharactersPresenter.swift */ = {isa = PBXFileReference; lastKnownFileType = sourcecode.swift; path = CharactersPresenter.swift; sourceTree = "<group>"; };
		58F8600925A95CC600A17781 /* CharactersWorker.swift */ = {isa = PBXFileReference; lastKnownFileType = sourcecode.swift; path = CharactersWorker.swift; sourceTree = "<group>"; };
		58F8600A25A95CC600A17781 /* CharactersRouter.swift */ = {isa = PBXFileReference; lastKnownFileType = sourcecode.swift; path = CharactersRouter.swift; sourceTree = "<group>"; };
		58F8600B25A95CC600A17781 /* CharactersModels.swift */ = {isa = PBXFileReference; lastKnownFileType = sourcecode.swift; path = CharactersModels.swift; sourceTree = "<group>"; };
		58F8600C25A95CC600A17781 /* CharactersViewController.swift */ = {isa = PBXFileReference; lastKnownFileType = sourcecode.swift; path = CharactersViewController.swift; sourceTree = "<group>"; };
		58F8600D25A95CC600A17781 /* CharactersInteractor.swift */ = {isa = PBXFileReference; lastKnownFileType = sourcecode.swift; path = CharactersInteractor.swift; sourceTree = "<group>"; };
		58F8600E25A95CC600A17781 /* CharactersView.swift */ = {isa = PBXFileReference; lastKnownFileType = sourcecode.swift; path = CharactersView.swift; sourceTree = "<group>"; };
		58F8601B25A95D0F00A17781 /* ViewCode.swift */ = {isa = PBXFileReference; lastKnownFileType = sourcecode.swift; path = ViewCode.swift; sourceTree = "<group>"; };
		58F8602F25A960CE00A17781 /* CharactersTabViewController.swift */ = {isa = PBXFileReference; lastKnownFileType = sourcecode.swift; path = CharactersTabViewController.swift; sourceTree = "<group>"; };
		5AA5ED432E41EB4E88E25CD8 /* Pods-MarvelCharacters-MarvelCharactersUITests.debug.xcconfig */ = {isa = PBXFileReference; includeInIndex = 1; lastKnownFileType = text.xcconfig; name = "Pods-MarvelCharacters-MarvelCharactersUITests.debug.xcconfig"; path = "Target Support Files/Pods-MarvelCharacters-MarvelCharactersUITests/Pods-MarvelCharacters-MarvelCharactersUITests.debug.xcconfig"; sourceTree = "<group>"; };
		78FAEF4821A47B970437B407 /* Pods_MarvelCharacters_MarvelCharactersUITests.framework */ = {isa = PBXFileReference; explicitFileType = wrapper.framework; includeInIndex = 0; path = Pods_MarvelCharacters_MarvelCharactersUITests.framework; sourceTree = BUILT_PRODUCTS_DIR; };
		8D2A9B850D4DF5A1965E739E /* Pods-MarvelCharacters.debug.xcconfig */ = {isa = PBXFileReference; includeInIndex = 1; lastKnownFileType = text.xcconfig; name = "Pods-MarvelCharacters.debug.xcconfig"; path = "Target Support Files/Pods-MarvelCharacters/Pods-MarvelCharacters.debug.xcconfig"; sourceTree = "<group>"; };
		BFB131192ECD970B3AEB4BF0 /* Pods_MarvelCharactersTests.framework */ = {isa = PBXFileReference; explicitFileType = wrapper.framework; includeInIndex = 0; path = Pods_MarvelCharactersTests.framework; sourceTree = BUILT_PRODUCTS_DIR; };
		C782A7EF7E06CFCACC5BF597 /* Pods-MarvelCharactersTests.release.xcconfig */ = {isa = PBXFileReference; includeInIndex = 1; lastKnownFileType = text.xcconfig; name = "Pods-MarvelCharactersTests.release.xcconfig"; path = "Target Support Files/Pods-MarvelCharactersTests/Pods-MarvelCharactersTests.release.xcconfig"; sourceTree = "<group>"; };
		DE6657900D536066C8D0FDE7 /* Pods-MarvelCharacters-MarvelCharactersUITests.release.xcconfig */ = {isa = PBXFileReference; includeInIndex = 1; lastKnownFileType = text.xcconfig; name = "Pods-MarvelCharacters-MarvelCharactersUITests.release.xcconfig"; path = "Target Support Files/Pods-MarvelCharacters-MarvelCharactersUITests/Pods-MarvelCharacters-MarvelCharactersUITests.release.xcconfig"; sourceTree = "<group>"; };
		FF0C631268824321092491C4 /* Pods_MarvelCharacters.framework */ = {isa = PBXFileReference; explicitFileType = wrapper.framework; includeInIndex = 0; path = Pods_MarvelCharacters.framework; sourceTree = BUILT_PRODUCTS_DIR; };
/* End PBXFileReference section */

/* Begin PBXFrameworksBuildPhase section */
		58F85FB325A9539C00A17781 /* Frameworks */ = {
			isa = PBXFrameworksBuildPhase;
			buildActionMask = 2147483647;
			files = (
				8991820A1AB56DB3C15AFFCE /* Pods_MarvelCharacters.framework in Frameworks */,
			);
			runOnlyForDeploymentPostprocessing = 0;
		};
		58F85FCC25A9539D00A17781 /* Frameworks */ = {
			isa = PBXFrameworksBuildPhase;
			buildActionMask = 2147483647;
			files = (
				7F5EF96B9A0A20C40AD6B939 /* Pods_MarvelCharactersTests.framework in Frameworks */,
			);
			runOnlyForDeploymentPostprocessing = 0;
		};
		58F85FD725A9539D00A17781 /* Frameworks */ = {
			isa = PBXFrameworksBuildPhase;
			buildActionMask = 2147483647;
			files = (
				035314BA1DD560AE73582780 /* Pods_MarvelCharacters_MarvelCharactersUITests.framework in Frameworks */,
			);
			runOnlyForDeploymentPostprocessing = 0;
		};
/* End PBXFrameworksBuildPhase section */

/* Begin PBXGroup section */
		2781FB78529003521978D3B6 /* Pods */ = {
			isa = PBXGroup;
			children = (
				8D2A9B850D4DF5A1965E739E /* Pods-MarvelCharacters.debug.xcconfig */,
				0CD239B65DD0DB6B452C6ABB /* Pods-MarvelCharacters.release.xcconfig */,
				5AA5ED432E41EB4E88E25CD8 /* Pods-MarvelCharacters-MarvelCharactersUITests.debug.xcconfig */,
				DE6657900D536066C8D0FDE7 /* Pods-MarvelCharacters-MarvelCharactersUITests.release.xcconfig */,
				39A6B13FACCF4931C0380289 /* Pods-MarvelCharactersTests.debug.xcconfig */,
				C782A7EF7E06CFCACC5BF597 /* Pods-MarvelCharactersTests.release.xcconfig */,
			);
			path = Pods;
			sourceTree = "<group>";
		};
		5880D8F425AAB6F300D7F71E /* Network */ = {
			isa = PBXGroup;
			children = (
				58B1C49D25ABBAE7002A82E7 /* Entities */,
				5880D8F925AAB74B00D7F71E /* MarvelAPI.swift */,
				58B1C43925AACF23002A82E7 /* APIProvider.swift */,
				58B1C43E25AAD0EF002A82E7 /* APIError.swift */,
				58B1C48725AB9C53002A82E7 /* MarvelAPIConstants.swift */,
			);
			path = Network;
			sourceTree = "<group>";
		};
		5880D8F525AAB72700D7F71E /* Database */ = {
			isa = PBXGroup;
			children = (
				58F85FC225A9539C00A17781 /* MarvelCharacters.xcdatamodeld */,
				586245C825AEA7BC000EE28E /* DataProvider.swift */,
				586245CD25AEAF4D000EE28E /* MarvelDataProvider.swift */,
			);
			path = Database;
			sourceTree = "<group>";
		};
		58B1C47E25AB97E8002A82E7 /* Extensions */ = {
			isa = PBXGroup;
			children = (
				58B1C47F25AB9807002A82E7 /* String+Extensions.swift */,
				58B1C4E325ABE8DF002A82E7 /* UIColor+Extensions.swift */,
				58B1C4DE25ABE853002A82E7 /* UIColor+Palette.swift */,
				5812E14425AD521B00A0CA3E /* UIImageView+Extensions.swift */,
				588DEDEE25B114D00026349C /* UIFont+Custom.swift */,
			);
			path = Extensions;
			sourceTree = "<group>";
		};
		58B1C49D25ABBAE7002A82E7 /* Entities */ = {
			isa = PBXGroup;
			children = (
				58B1C49E25ABBB11002A82E7 /* CharactersResponse.swift */,
				58B1C4D125ABD7FE002A82E7 /* Character.swift */,
				5812E13F25AD48AD00A0CA3E /* MarvelImage.swift */,
			);
			path = Entities;
			sourceTree = "<group>";
		};
		58B1C4A625ABD1CC002A82E7 /* Mocks */ = {
			isa = PBXGroup;
			children = (
				58B1C4A725ABD226002A82E7 /* characters.json */,
			);
			path = Mocks;
			sourceTree = "<group>";
		};
		58B1C4AF25ABD365002A82E7 /* Utilities */ = {
			isa = PBXGroup;
			children = (
				58B1C4B025ABD39E002A82E7 /* MockReader.swift */,
			);
			path = Utilities;
			sourceTree = "<group>";
		};
		58B1C4BA25ABD4E7002A82E7 /* Network */ = {
			isa = PBXGroup;
			children = (
			);
			path = Network;
			sourceTree = "<group>";
		};
		58F85FAD25A9539C00A17781 = {
			isa = PBXGroup;
			children = (
				58F85FB825A9539C00A17781 /* MarvelCharacters */,
				58F85FD225A9539D00A17781 /* MarvelCharactersTests */,
				58F85FDD25A9539D00A17781 /* MarvelCharactersUITests */,
				58F85FB725A9539C00A17781 /* Products */,
				2781FB78529003521978D3B6 /* Pods */,
				59ACF2F9C18D361ED2F04E50 /* Frameworks */,
			);
			sourceTree = "<group>";
		};
		58F85FB725A9539C00A17781 /* Products */ = {
			isa = PBXGroup;
			children = (
				58F85FB625A9539C00A17781 /* MarvelCharacters.app */,
				58F85FCF25A9539D00A17781 /* MarvelCharactersTests.xctest */,
				58F85FDA25A9539D00A17781 /* MarvelCharactersUITests.xctest */,
			);
			name = Products;
			sourceTree = "<group>";
		};
		58F85FB825A9539C00A17781 /* MarvelCharacters */ = {
			isa = PBXGroup;
			children = (
				5880D8F525AAB72700D7F71E /* Database */,
				5880D8F425AAB6F300D7F71E /* Network */,
				58F85FF825A95A7900A17781 /* Views */,
				58F85FF725A95A4500A17781 /* Resources */,
				58F85FF625A95A3400A17781 /* Utilities */,
				58F85FEF25A959C800A17781 /* Scenes */,
				58F85FB925A9539C00A17781 /* AppDelegate.swift */,
				58F85FBB25A9539C00A17781 /* SceneDelegate.swift */,
				58F85FC725A9539D00A17781 /* LaunchScreen.storyboard */,
				58F85FCA25A9539D00A17781 /* Info.plist */,
				58F8602F25A960CE00A17781 /* CharactersTabViewController.swift */,
				5880D8F325AAB10B00D7F71E /* Config.xcconfig */,
			);
			path = MarvelCharacters;
			sourceTree = "<group>";
		};
		58F85FD225A9539D00A17781 /* MarvelCharactersTests */ = {
			isa = PBXGroup;
			children = (
				58B1C4BA25ABD4E7002A82E7 /* Network */,
				58B1C4AF25ABD365002A82E7 /* Utilities */,
				58B1C4A625ABD1CC002A82E7 /* Mocks */,
				58F85FD325A9539D00A17781 /* MarvelCharactersTests.swift */,
				58F85FD525A9539D00A17781 /* Info.plist */,
			);
			path = MarvelCharactersTests;
			sourceTree = "<group>";
		};
		58F85FDD25A9539D00A17781 /* MarvelCharactersUITests */ = {
			isa = PBXGroup;
			children = (
				58F85FDE25A9539D00A17781 /* MarvelCharactersUITests.swift */,
				58F85FE025A9539D00A17781 /* Info.plist */,
			);
			path = MarvelCharactersUITests;
			sourceTree = "<group>";
		};
		58F85FEF25A959C800A17781 /* Scenes */ = {
			isa = PBXGroup;
			children = (
				58F85FF225A95A0B00A17781 /* Favorites */,
				58F85FF125A95A0600A17781 /* CharacterDetails */,
				58F85FF025A959CD00A17781 /* Characters */,
			);
			path = Scenes;
			sourceTree = "<group>";
		};
		58F85FF025A959CD00A17781 /* Characters */ = {
			isa = PBXGroup;
			children = (
				58F8600725A95CC600A17781 /* CharactersFactory.swift */,
				58F8600825A95CC600A17781 /* CharactersPresenter.swift */,
				58F8600925A95CC600A17781 /* CharactersWorker.swift */,
				58F8600A25A95CC600A17781 /* CharactersRouter.swift */,
				58F8600B25A95CC600A17781 /* CharactersModels.swift */,
				58F8600C25A95CC600A17781 /* CharactersViewController.swift */,
				58F8600D25A95CC600A17781 /* CharactersInteractor.swift */,
			);
			path = Characters;
			sourceTree = "<group>";
		};
		58F85FF125A95A0600A17781 /* CharacterDetails */ = {
			isa = PBXGroup;
			children = (
				588DEDF325B12D410026349C /* CharacterDetailsFactory.swift */,
				588DEDF425B12D410026349C /* CharacterDetailsPresenter.swift */,
				588DEDF525B12D410026349C /* CharacterDetailsWorker.swift */,
				588DEDF625B12D410026349C /* CharacterDetailsRouter.swift */,
				588DEDF725B12D410026349C /* CharacterDetailsModels.swift */,
				588DEDF825B12D420026349C /* CharacterDetailsViewController.swift */,
				588DEDF925B12D420026349C /* CharacterDetailsInteractor.swift */,
				588DEDFA25B12D420026349C /* CharacterDetailsView.swift */,
			);
			path = CharacterDetails;
			sourceTree = "<group>";
		};
		58F85FF225A95A0B00A17781 /* Favorites */ = {
			isa = PBXGroup;
			children = (
				586245AA25AEA20A000EE28E /* FavoritesFactory.swift */,
				586245AB25AEA20A000EE28E /* FavoritesPresenter.swift */,
				586245AC25AEA20A000EE28E /* FavoritesWorker.swift */,
				586245AD25AEA20A000EE28E /* FavoritesRouter.swift */,
				586245AE25AEA20A000EE28E /* FavoritesModels.swift */,
				586245AF25AEA20A000EE28E /* FavoritesViewController.swift */,
				586245B025AEA20A000EE28E /* FavoritesInteractor.swift */,
			);
			path = Favorites;
			sourceTree = "<group>";
		};
		58F85FF625A95A3400A17781 /* Utilities */ = {
			isa = PBXGroup;
			children = (
				58B1C47E25AB97E8002A82E7 /* Extensions */,
				58F8601A25A95CF500A17781 /* Protocols */,
				586245BD25AEA426000EE28E /* Reachability.swift */,
			);
			path = Utilities;
			sourceTree = "<group>";
		};
		58F85FF725A95A4500A17781 /* Resources */ = {
			isa = PBXGroup;
			children = (
				588DEDE925B114180026349C /* MarvelRegular-Dj83.ttf */,
				58F85FC525A9539D00A17781 /* Assets.xcassets */,
			);
			path = Resources;
			sourceTree = "<group>";
		};
		58F85FF825A95A7900A17781 /* Views */ = {
			isa = PBXGroup;
			children = (
				58B1C4F125ABF061002A82E7 /* CharactersViewCell.swift */,
				58F8600E25A95CC600A17781 /* CharactersView.swift */,
				58B1C4F925ABFD8A002A82E7 /* StarView.swift */,
				586245A525AE9A00000EE28E /* PaddingLabel.swift */,
				588DEE0625B1303C0026349C /* CarouselView.swift */,
				588DEE0B25B1328D0026349C /* CarouselViewCell.swift */,
			);
			path = Views;
			sourceTree = "<group>";
		};
		58F8601A25A95CF500A17781 /* Protocols */ = {
			isa = PBXGroup;
			children = (
				58F8601B25A95D0F00A17781 /* ViewCode.swift */,
				58B1C47925AB96BE002A82E7 /* URLRequestConvertible.swift */,
				58B1C43425AAC494002A82E7 /* HTTPRequestParams.swift */,
			);
			path = Protocols;
			sourceTree = "<group>";
		};
		59ACF2F9C18D361ED2F04E50 /* Frameworks */ = {
			isa = PBXGroup;
			children = (
				FF0C631268824321092491C4 /* Pods_MarvelCharacters.framework */,
				78FAEF4821A47B970437B407 /* Pods_MarvelCharacters_MarvelCharactersUITests.framework */,
				BFB131192ECD970B3AEB4BF0 /* Pods_MarvelCharactersTests.framework */,
			);
			name = Frameworks;
			sourceTree = "<group>";
		};
/* End PBXGroup section */

/* Begin PBXNativeTarget section */
		58F85FB525A9539C00A17781 /* MarvelCharacters */ = {
			isa = PBXNativeTarget;
			buildConfigurationList = 58F85FE325A9539D00A17781 /* Build configuration list for PBXNativeTarget "MarvelCharacters" */;
			buildPhases = (
				0D11D7F63476F746377FE968 /* [CP] Check Pods Manifest.lock */,
				58F85FB225A9539C00A17781 /* Sources */,
				58F85FB325A9539C00A17781 /* Frameworks */,
				58F85FB425A9539C00A17781 /* Resources */,
				18FD2822E8349E0B2658120F /* [CP] Embed Pods Frameworks */,
			);
			buildRules = (
			);
			dependencies = (
			);
			name = MarvelCharacters;
			productName = MarvelCharacters;
			productReference = 58F85FB625A9539C00A17781 /* MarvelCharacters.app */;
			productType = "com.apple.product-type.application";
		};
		58F85FCE25A9539D00A17781 /* MarvelCharactersTests */ = {
			isa = PBXNativeTarget;
			buildConfigurationList = 58F85FE625A9539D00A17781 /* Build configuration list for PBXNativeTarget "MarvelCharactersTests" */;
			buildPhases = (
				2B7ACC91C5BC1E3EBC327C24 /* [CP] Check Pods Manifest.lock */,
				58F85FCB25A9539D00A17781 /* Sources */,
				58F85FCC25A9539D00A17781 /* Frameworks */,
				58F85FCD25A9539D00A17781 /* Resources */,
			);
			buildRules = (
			);
			dependencies = (
				58F85FD125A9539D00A17781 /* PBXTargetDependency */,
			);
			name = MarvelCharactersTests;
			productName = MarvelCharactersTests;
			productReference = 58F85FCF25A9539D00A17781 /* MarvelCharactersTests.xctest */;
			productType = "com.apple.product-type.bundle.unit-test";
		};
		58F85FD925A9539D00A17781 /* MarvelCharactersUITests */ = {
			isa = PBXNativeTarget;
			buildConfigurationList = 58F85FE925A9539D00A17781 /* Build configuration list for PBXNativeTarget "MarvelCharactersUITests" */;
			buildPhases = (
				7BCA84E3BEF0ECAB69FCB723 /* [CP] Check Pods Manifest.lock */,
				58F85FD625A9539D00A17781 /* Sources */,
				58F85FD725A9539D00A17781 /* Frameworks */,
				58F85FD825A9539D00A17781 /* Resources */,
				4F99CCF95BDD1A1FB6A4D553 /* [CP] Embed Pods Frameworks */,
			);
			buildRules = (
			);
			dependencies = (
				58F85FDC25A9539D00A17781 /* PBXTargetDependency */,
			);
			name = MarvelCharactersUITests;
			productName = MarvelCharactersUITests;
			productReference = 58F85FDA25A9539D00A17781 /* MarvelCharactersUITests.xctest */;
			productType = "com.apple.product-type.bundle.ui-testing";
		};
/* End PBXNativeTarget section */

/* Begin PBXProject section */
		58F85FAE25A9539C00A17781 /* Project object */ = {
			isa = PBXProject;
			attributes = {
				LastSwiftUpdateCheck = 1200;
				LastUpgradeCheck = 1200;
				TargetAttributes = {
					58F85FB525A9539C00A17781 = {
						CreatedOnToolsVersion = 12.0.1;
					};
					58F85FCE25A9539D00A17781 = {
						CreatedOnToolsVersion = 12.0.1;
						TestTargetID = 58F85FB525A9539C00A17781;
					};
					58F85FD925A9539D00A17781 = {
						CreatedOnToolsVersion = 12.0.1;
						TestTargetID = 58F85FB525A9539C00A17781;
					};
				};
			};
			buildConfigurationList = 58F85FB125A9539C00A17781 /* Build configuration list for PBXProject "MarvelCharacters" */;
			compatibilityVersion = "Xcode 9.3";
			developmentRegion = en;
			hasScannedForEncodings = 0;
			knownRegions = (
				en,
				Base,
			);
			mainGroup = 58F85FAD25A9539C00A17781;
			productRefGroup = 58F85FB725A9539C00A17781 /* Products */;
			projectDirPath = "";
			projectRoot = "";
			targets = (
				58F85FB525A9539C00A17781 /* MarvelCharacters */,
				58F85FCE25A9539D00A17781 /* MarvelCharactersTests */,
				58F85FD925A9539D00A17781 /* MarvelCharactersUITests */,
			);
		};
/* End PBXProject section */

/* Begin PBXResourcesBuildPhase section */
		58F85FB425A9539C00A17781 /* Resources */ = {
			isa = PBXResourcesBuildPhase;
			buildActionMask = 2147483647;
			files = (
				58F85FC925A9539D00A17781 /* LaunchScreen.storyboard in Resources */,
				588DEDEA25B114180026349C /* MarvelRegular-Dj83.ttf in Resources */,
				58F85FC625A9539D00A17781 /* Assets.xcassets in Resources */,
			);
			runOnlyForDeploymentPostprocessing = 0;
		};
		58F85FCD25A9539D00A17781 /* Resources */ = {
			isa = PBXResourcesBuildPhase;
			buildActionMask = 2147483647;
			files = (
				58B1C4A825ABD226002A82E7 /* characters.json in Resources */,
			);
			runOnlyForDeploymentPostprocessing = 0;
		};
		58F85FD825A9539D00A17781 /* Resources */ = {
			isa = PBXResourcesBuildPhase;
			buildActionMask = 2147483647;
			files = (
			);
			runOnlyForDeploymentPostprocessing = 0;
		};
/* End PBXResourcesBuildPhase section */

/* Begin PBXShellScriptBuildPhase section */
		0D11D7F63476F746377FE968 /* [CP] Check Pods Manifest.lock */ = {
			isa = PBXShellScriptBuildPhase;
			buildActionMask = 2147483647;
			files = (
			);
			inputFileListPaths = (
			);
			inputPaths = (
				"${PODS_PODFILE_DIR_PATH}/Podfile.lock",
				"${PODS_ROOT}/Manifest.lock",
			);
			name = "[CP] Check Pods Manifest.lock";
			outputFileListPaths = (
			);
			outputPaths = (
				"$(DERIVED_FILE_DIR)/Pods-MarvelCharacters-checkManifestLockResult.txt",
			);
			runOnlyForDeploymentPostprocessing = 0;
			shellPath = /bin/sh;
			shellScript = "diff \"${PODS_PODFILE_DIR_PATH}/Podfile.lock\" \"${PODS_ROOT}/Manifest.lock\" > /dev/null\nif [ $? != 0 ] ; then\n    # print error to STDERR\n    echo \"error: The sandbox is not in sync with the Podfile.lock. Run 'pod install' or update your CocoaPods installation.\" >&2\n    exit 1\nfi\n# This output is used by Xcode 'outputs' to avoid re-running this script phase.\necho \"SUCCESS\" > \"${SCRIPT_OUTPUT_FILE_0}\"\n";
			showEnvVarsInLog = 0;
		};
		18FD2822E8349E0B2658120F /* [CP] Embed Pods Frameworks */ = {
			isa = PBXShellScriptBuildPhase;
			buildActionMask = 2147483647;
			files = (
			);
			inputFileListPaths = (
				"${PODS_ROOT}/Target Support Files/Pods-MarvelCharacters/Pods-MarvelCharacters-frameworks-${CONFIGURATION}-input-files.xcfilelist",
			);
			name = "[CP] Embed Pods Frameworks";
			outputFileListPaths = (
				"${PODS_ROOT}/Target Support Files/Pods-MarvelCharacters/Pods-MarvelCharacters-frameworks-${CONFIGURATION}-output-files.xcfilelist",
			);
			runOnlyForDeploymentPostprocessing = 0;
			shellPath = /bin/sh;
			shellScript = "\"${PODS_ROOT}/Target Support Files/Pods-MarvelCharacters/Pods-MarvelCharacters-frameworks.sh\"\n";
			showEnvVarsInLog = 0;
		};
		2B7ACC91C5BC1E3EBC327C24 /* [CP] Check Pods Manifest.lock */ = {
			isa = PBXShellScriptBuildPhase;
			buildActionMask = 2147483647;
			files = (
			);
			inputFileListPaths = (
			);
			inputPaths = (
				"${PODS_PODFILE_DIR_PATH}/Podfile.lock",
				"${PODS_ROOT}/Manifest.lock",
			);
			name = "[CP] Check Pods Manifest.lock";
			outputFileListPaths = (
			);
			outputPaths = (
				"$(DERIVED_FILE_DIR)/Pods-MarvelCharactersTests-checkManifestLockResult.txt",
			);
			runOnlyForDeploymentPostprocessing = 0;
			shellPath = /bin/sh;
			shellScript = "diff \"${PODS_PODFILE_DIR_PATH}/Podfile.lock\" \"${PODS_ROOT}/Manifest.lock\" > /dev/null\nif [ $? != 0 ] ; then\n    # print error to STDERR\n    echo \"error: The sandbox is not in sync with the Podfile.lock. Run 'pod install' or update your CocoaPods installation.\" >&2\n    exit 1\nfi\n# This output is used by Xcode 'outputs' to avoid re-running this script phase.\necho \"SUCCESS\" > \"${SCRIPT_OUTPUT_FILE_0}\"\n";
			showEnvVarsInLog = 0;
		};
		4F99CCF95BDD1A1FB6A4D553 /* [CP] Embed Pods Frameworks */ = {
			isa = PBXShellScriptBuildPhase;
			buildActionMask = 2147483647;
			files = (
			);
			inputFileListPaths = (
				"${PODS_ROOT}/Target Support Files/Pods-MarvelCharacters-MarvelCharactersUITests/Pods-MarvelCharacters-MarvelCharactersUITests-frameworks-${CONFIGURATION}-input-files.xcfilelist",
			);
			name = "[CP] Embed Pods Frameworks";
			outputFileListPaths = (
				"${PODS_ROOT}/Target Support Files/Pods-MarvelCharacters-MarvelCharactersUITests/Pods-MarvelCharacters-MarvelCharactersUITests-frameworks-${CONFIGURATION}-output-files.xcfilelist",
			);
			runOnlyForDeploymentPostprocessing = 0;
			shellPath = /bin/sh;
			shellScript = "\"${PODS_ROOT}/Target Support Files/Pods-MarvelCharacters-MarvelCharactersUITests/Pods-MarvelCharacters-MarvelCharactersUITests-frameworks.sh\"\n";
			showEnvVarsInLog = 0;
		};
		7BCA84E3BEF0ECAB69FCB723 /* [CP] Check Pods Manifest.lock */ = {
			isa = PBXShellScriptBuildPhase;
			buildActionMask = 2147483647;
			files = (
			);
			inputFileListPaths = (
			);
			inputPaths = (
				"${PODS_PODFILE_DIR_PATH}/Podfile.lock",
				"${PODS_ROOT}/Manifest.lock",
			);
			name = "[CP] Check Pods Manifest.lock";
			outputFileListPaths = (
			);
			outputPaths = (
				"$(DERIVED_FILE_DIR)/Pods-MarvelCharacters-MarvelCharactersUITests-checkManifestLockResult.txt",
			);
			runOnlyForDeploymentPostprocessing = 0;
			shellPath = /bin/sh;
			shellScript = "diff \"${PODS_PODFILE_DIR_PATH}/Podfile.lock\" \"${PODS_ROOT}/Manifest.lock\" > /dev/null\nif [ $? != 0 ] ; then\n    # print error to STDERR\n    echo \"error: The sandbox is not in sync with the Podfile.lock. Run 'pod install' or update your CocoaPods installation.\" >&2\n    exit 1\nfi\n# This output is used by Xcode 'outputs' to avoid re-running this script phase.\necho \"SUCCESS\" > \"${SCRIPT_OUTPUT_FILE_0}\"\n";
			showEnvVarsInLog = 0;
		};
/* End PBXShellScriptBuildPhase section */

/* Begin PBXSourcesBuildPhase section */
		58F85FB225A9539C00A17781 /* Sources */ = {
			isa = PBXSourcesBuildPhase;
			buildActionMask = 2147483647;
			files = (
				58B1C47A25AB96BE002A82E7 /* URLRequestConvertible.swift in Sources */,
				586245CE25AEAF4D000EE28E /* MarvelDataProvider.swift in Sources */,
				5880D8FA25AAB74B00D7F71E /* MarvelAPI.swift in Sources */,
				586245BE25AEA426000EE28E /* Reachability.swift in Sources */,
				5812E14525AD521B00A0CA3E /* UIImageView+Extensions.swift in Sources */,
				588DEDFC25B12D420026349C /* CharacterDetailsPresenter.swift in Sources */,
				58B1C4FA25ABFD8A002A82E7 /* StarView.swift in Sources */,
				58F8601025A95CC600A17781 /* CharactersPresenter.swift in Sources */,
				58F8601225A95CC600A17781 /* CharactersRouter.swift in Sources */,
				586245B225AEA20A000EE28E /* FavoritesFactory.swift in Sources */,
				58F85FC425A9539C00A17781 /* MarvelCharacters.xcdatamodeld in Sources */,
				58F8601C25A95D0F00A17781 /* ViewCode.swift in Sources */,
				586245B525AEA20A000EE28E /* FavoritesRouter.swift in Sources */,
				58B1C43A25AACF23002A82E7 /* APIProvider.swift in Sources */,
				58F8603025A960CE00A17781 /* CharactersTabViewController.swift in Sources */,
				58B1C48825AB9C53002A82E7 /* MarvelAPIConstants.swift in Sources */,
				586245B625AEA20A000EE28E /* FavoritesModels.swift in Sources */,
				58B1C49F25ABBB11002A82E7 /* CharactersResponse.swift in Sources */,
				58B1C48025AB9807002A82E7 /* String+Extensions.swift in Sources */,
				58F8601525A95CC600A17781 /* CharactersInteractor.swift in Sources */,
				58B1C43525AAC494002A82E7 /* HTTPRequestParams.swift in Sources */,
				588DEE0C25B1328D0026349C /* CarouselViewCell.swift in Sources */,
				58B1C4F225ABF061002A82E7 /* CharactersViewCell.swift in Sources */,
				58B1C4D225ABD7FE002A82E7 /* Character.swift in Sources */,
				586245B325AEA20A000EE28E /* FavoritesPresenter.swift in Sources */,
				58F8601125A95CC600A17781 /* CharactersWorker.swift in Sources */,
				588DEE0725B1303C0026349C /* CarouselView.swift in Sources */,
				58B1C4E425ABE8DF002A82E7 /* UIColor+Extensions.swift in Sources */,
				588DEE0125B12D420026349C /* CharacterDetailsInteractor.swift in Sources */,
				586245B725AEA20A000EE28E /* FavoritesViewController.swift in Sources */,
				58F85FBA25A9539C00A17781 /* AppDelegate.swift in Sources */,
				586245C925AEA7BC000EE28E /* DataProvider.swift in Sources */,
				586245A625AE9A00000EE28E /* PaddingLabel.swift in Sources */,
				58F8601625A95CC600A17781 /* CharactersView.swift in Sources */,
				58F8601325A95CC600A17781 /* CharactersModels.swift in Sources */,
				58F8600F25A95CC600A17781 /* CharactersFactory.swift in Sources */,
				58F85FBC25A9539C00A17781 /* SceneDelegate.swift in Sources */,
				588DEE0225B12D420026349C /* CharacterDetailsView.swift in Sources */,
				588DEDFF25B12D420026349C /* CharacterDetailsModels.swift in Sources */,
				588DEDFD25B12D420026349C /* CharacterDetailsWorker.swift in Sources */,
				588DEDEF25B114D00026349C /* UIFont+Custom.swift in Sources */,
				586245B825AEA20A000EE28E /* FavoritesInteractor.swift in Sources */,
				5812E14025AD48AD00A0CA3E /* MarvelImage.swift in Sources */,
				58F8601425A95CC600A17781 /* CharactersViewController.swift in Sources */,
				586245B425AEA20A000EE28E /* FavoritesWorker.swift in Sources */,
				58B1C43F25AAD0EF002A82E7 /* APIError.swift in Sources */,
				58B1C4DF25ABE853002A82E7 /* UIColor+Palette.swift in Sources */,
				588DEE0025B12D420026349C /* CharacterDetailsViewController.swift in Sources */,
				588DEDFB25B12D420026349C /* CharacterDetailsFactory.swift in Sources */,
				588DEDFE25B12D420026349C /* CharacterDetailsRouter.swift in Sources */,
			);
			runOnlyForDeploymentPostprocessing = 0;
		};
		58F85FCB25A9539D00A17781 /* Sources */ = {
			isa = PBXSourcesBuildPhase;
			buildActionMask = 2147483647;
			files = (
				58B1C4B125ABD39E002A82E7 /* MockReader.swift in Sources */,
				58F85FD425A9539D00A17781 /* MarvelCharactersTests.swift in Sources */,
			);
			runOnlyForDeploymentPostprocessing = 0;
		};
		58F85FD625A9539D00A17781 /* Sources */ = {
			isa = PBXSourcesBuildPhase;
			buildActionMask = 2147483647;
			files = (
				58F85FDF25A9539D00A17781 /* MarvelCharactersUITests.swift in Sources */,
			);
			runOnlyForDeploymentPostprocessing = 0;
		};
/* End PBXSourcesBuildPhase section */

/* Begin PBXTargetDependency section */
		58F85FD125A9539D00A17781 /* PBXTargetDependency */ = {
			isa = PBXTargetDependency;
			target = 58F85FB525A9539C00A17781 /* MarvelCharacters */;
			targetProxy = 58F85FD025A9539D00A17781 /* PBXContainerItemProxy */;
		};
		58F85FDC25A9539D00A17781 /* PBXTargetDependency */ = {
			isa = PBXTargetDependency;
			target = 58F85FB525A9539C00A17781 /* MarvelCharacters */;
			targetProxy = 58F85FDB25A9539D00A17781 /* PBXContainerItemProxy */;
		};
/* End PBXTargetDependency section */

/* Begin PBXVariantGroup section */
		58F85FC725A9539D00A17781 /* LaunchScreen.storyboard */ = {
			isa = PBXVariantGroup;
			children = (
				58F85FC825A9539D00A17781 /* Base */,
			);
			name = LaunchScreen.storyboard;
			sourceTree = "<group>";
		};
/* End PBXVariantGroup section */

/* Begin XCBuildConfiguration section */
		58F85FE125A9539D00A17781 /* Debug */ = {
			isa = XCBuildConfiguration;
			buildSettings = {
				ALWAYS_SEARCH_USER_PATHS = NO;
				CLANG_ANALYZER_NONNULL = YES;
				CLANG_ANALYZER_NUMBER_OBJECT_CONVERSION = YES_AGGRESSIVE;
				CLANG_CXX_LANGUAGE_STANDARD = "gnu++14";
				CLANG_CXX_LIBRARY = "libc++";
				CLANG_ENABLE_MODULES = YES;
				CLANG_ENABLE_OBJC_ARC = YES;
				CLANG_ENABLE_OBJC_WEAK = YES;
				CLANG_WARN_BLOCK_CAPTURE_AUTORELEASING = YES;
				CLANG_WARN_BOOL_CONVERSION = YES;
				CLANG_WARN_COMMA = YES;
				CLANG_WARN_CONSTANT_CONVERSION = YES;
				CLANG_WARN_DEPRECATED_OBJC_IMPLEMENTATIONS = YES;
				CLANG_WARN_DIRECT_OBJC_ISA_USAGE = YES_ERROR;
				CLANG_WARN_DOCUMENTATION_COMMENTS = YES;
				CLANG_WARN_EMPTY_BODY = YES;
				CLANG_WARN_ENUM_CONVERSION = YES;
				CLANG_WARN_INFINITE_RECURSION = YES;
				CLANG_WARN_INT_CONVERSION = YES;
				CLANG_WARN_NON_LITERAL_NULL_CONVERSION = YES;
				CLANG_WARN_OBJC_IMPLICIT_RETAIN_SELF = YES;
				CLANG_WARN_OBJC_LITERAL_CONVERSION = YES;
				CLANG_WARN_OBJC_ROOT_CLASS = YES_ERROR;
				CLANG_WARN_QUOTED_INCLUDE_IN_FRAMEWORK_HEADER = YES;
				CLANG_WARN_RANGE_LOOP_ANALYSIS = YES;
				CLANG_WARN_STRICT_PROTOTYPES = YES;
				CLANG_WARN_SUSPICIOUS_MOVE = YES;
				CLANG_WARN_UNGUARDED_AVAILABILITY = YES_AGGRESSIVE;
				CLANG_WARN_UNREACHABLE_CODE = YES;
				CLANG_WARN__DUPLICATE_METHOD_MATCH = YES;
				COPY_PHASE_STRIP = NO;
				DEBUG_INFORMATION_FORMAT = dwarf;
				ENABLE_STRICT_OBJC_MSGSEND = YES;
				ENABLE_TESTABILITY = YES;
				GCC_C_LANGUAGE_STANDARD = gnu11;
				GCC_DYNAMIC_NO_PIC = NO;
				GCC_NO_COMMON_BLOCKS = YES;
				GCC_OPTIMIZATION_LEVEL = 0;
				GCC_PREPROCESSOR_DEFINITIONS = (
					"DEBUG=1",
					"$(inherited)",
				);
				GCC_WARN_64_TO_32_BIT_CONVERSION = YES;
				GCC_WARN_ABOUT_RETURN_TYPE = YES_ERROR;
				GCC_WARN_UNDECLARED_SELECTOR = YES;
				GCC_WARN_UNINITIALIZED_AUTOS = YES_AGGRESSIVE;
				GCC_WARN_UNUSED_FUNCTION = YES;
				GCC_WARN_UNUSED_VARIABLE = YES;
				IPHONEOS_DEPLOYMENT_TARGET = 13.0;
				MTL_ENABLE_DEBUG_INFO = INCLUDE_SOURCE;
				MTL_FAST_MATH = YES;
				ONLY_ACTIVE_ARCH = YES;
				SDKROOT = iphoneos;
				SWIFT_ACTIVE_COMPILATION_CONDITIONS = DEBUG;
				SWIFT_OPTIMIZATION_LEVEL = "-Onone";
			};
			name = Debug;
		};
		58F85FE225A9539D00A17781 /* Release */ = {
			isa = XCBuildConfiguration;
			buildSettings = {
				ALWAYS_SEARCH_USER_PATHS = NO;
				CLANG_ANALYZER_NONNULL = YES;
				CLANG_ANALYZER_NUMBER_OBJECT_CONVERSION = YES_AGGRESSIVE;
				CLANG_CXX_LANGUAGE_STANDARD = "gnu++14";
				CLANG_CXX_LIBRARY = "libc++";
				CLANG_ENABLE_MODULES = YES;
				CLANG_ENABLE_OBJC_ARC = YES;
				CLANG_ENABLE_OBJC_WEAK = YES;
				CLANG_WARN_BLOCK_CAPTURE_AUTORELEASING = YES;
				CLANG_WARN_BOOL_CONVERSION = YES;
				CLANG_WARN_COMMA = YES;
				CLANG_WARN_CONSTANT_CONVERSION = YES;
				CLANG_WARN_DEPRECATED_OBJC_IMPLEMENTATIONS = YES;
				CLANG_WARN_DIRECT_OBJC_ISA_USAGE = YES_ERROR;
				CLANG_WARN_DOCUMENTATION_COMMENTS = YES;
				CLANG_WARN_EMPTY_BODY = YES;
				CLANG_WARN_ENUM_CONVERSION = YES;
				CLANG_WARN_INFINITE_RECURSION = YES;
				CLANG_WARN_INT_CONVERSION = YES;
				CLANG_WARN_NON_LITERAL_NULL_CONVERSION = YES;
				CLANG_WARN_OBJC_IMPLICIT_RETAIN_SELF = YES;
				CLANG_WARN_OBJC_LITERAL_CONVERSION = YES;
				CLANG_WARN_OBJC_ROOT_CLASS = YES_ERROR;
				CLANG_WARN_QUOTED_INCLUDE_IN_FRAMEWORK_HEADER = YES;
				CLANG_WARN_RANGE_LOOP_ANALYSIS = YES;
				CLANG_WARN_STRICT_PROTOTYPES = YES;
				CLANG_WARN_SUSPICIOUS_MOVE = YES;
				CLANG_WARN_UNGUARDED_AVAILABILITY = YES_AGGRESSIVE;
				CLANG_WARN_UNREACHABLE_CODE = YES;
				CLANG_WARN__DUPLICATE_METHOD_MATCH = YES;
				COPY_PHASE_STRIP = NO;
				DEBUG_INFORMATION_FORMAT = "dwarf-with-dsym";
				ENABLE_NS_ASSERTIONS = NO;
				ENABLE_STRICT_OBJC_MSGSEND = YES;
				GCC_C_LANGUAGE_STANDARD = gnu11;
				GCC_NO_COMMON_BLOCKS = YES;
				GCC_WARN_64_TO_32_BIT_CONVERSION = YES;
				GCC_WARN_ABOUT_RETURN_TYPE = YES_ERROR;
				GCC_WARN_UNDECLARED_SELECTOR = YES;
				GCC_WARN_UNINITIALIZED_AUTOS = YES_AGGRESSIVE;
				GCC_WARN_UNUSED_FUNCTION = YES;
				GCC_WARN_UNUSED_VARIABLE = YES;
				IPHONEOS_DEPLOYMENT_TARGET = 13.0;
				MTL_ENABLE_DEBUG_INFO = NO;
				MTL_FAST_MATH = YES;
				SDKROOT = iphoneos;
				SWIFT_COMPILATION_MODE = wholemodule;
				SWIFT_OPTIMIZATION_LEVEL = "-O";
				VALIDATE_PRODUCT = YES;
			};
			name = Release;
		};
		58F85FE425A9539D00A17781 /* Debug */ = {
			isa = XCBuildConfiguration;
			baseConfigurationReference = 8D2A9B850D4DF5A1965E739E /* Pods-MarvelCharacters.debug.xcconfig */;
			buildSettings = {
				ASSETCATALOG_COMPILER_APPICON_NAME = AppIcon;
				ASSETCATALOG_COMPILER_GLOBAL_ACCENT_COLOR_NAME = AccentColor;
				CODE_SIGN_STYLE = Automatic;
				INFOPLIST_FILE = MarvelCharacters/Info.plist;
				LD_RUNPATH_SEARCH_PATHS = (
					"$(inherited)",
					"@executable_path/Frameworks",
				);
				PRODUCT_BUNDLE_IDENTIFIER = com.semedo.MarvelCharacters;
				PRODUCT_NAME = "$(TARGET_NAME)";
				SWIFT_VERSION = 5.0;
				TARGETED_DEVICE_FAMILY = "1,2";
			};
			name = Debug;
		};
		58F85FE525A9539D00A17781 /* Release */ = {
			isa = XCBuildConfiguration;
			baseConfigurationReference = 0CD239B65DD0DB6B452C6ABB /* Pods-MarvelCharacters.release.xcconfig */;
			buildSettings = {
				ASSETCATALOG_COMPILER_APPICON_NAME = AppIcon;
				ASSETCATALOG_COMPILER_GLOBAL_ACCENT_COLOR_NAME = AccentColor;
				CODE_SIGN_STYLE = Automatic;
				INFOPLIST_FILE = MarvelCharacters/Info.plist;
				LD_RUNPATH_SEARCH_PATHS = (
					"$(inherited)",
					"@executable_path/Frameworks",
				);
				PRODUCT_BUNDLE_IDENTIFIER = com.semedo.MarvelCharacters;
				PRODUCT_NAME = "$(TARGET_NAME)";
				SWIFT_VERSION = 5.0;
				TARGETED_DEVICE_FAMILY = "1,2";
			};
			name = Release;
		};
		58F85FE725A9539D00A17781 /* Debug */ = {
			isa = XCBuildConfiguration;
			baseConfigurationReference = 39A6B13FACCF4931C0380289 /* Pods-MarvelCharactersTests.debug.xcconfig */;
			buildSettings = {
				ALWAYS_EMBED_SWIFT_STANDARD_LIBRARIES = YES;
				BUNDLE_LOADER = "$(TEST_HOST)";
				CODE_SIGN_STYLE = Automatic;
				INFOPLIST_FILE = MarvelCharactersTests/Info.plist;
				IPHONEOS_DEPLOYMENT_TARGET = 14.0;
				LD_RUNPATH_SEARCH_PATHS = (
					"$(inherited)",
					"@executable_path/Frameworks",
					"@loader_path/Frameworks",
				);
				PRODUCT_BUNDLE_IDENTIFIER = com.semedo.MarvelCharactersTests;
				PRODUCT_NAME = "$(TARGET_NAME)";
				SWIFT_VERSION = 5.0;
				TARGETED_DEVICE_FAMILY = "1,2";
				TEST_HOST = "$(BUILT_PRODUCTS_DIR)/MarvelCharacters.app/MarvelCharacters";
			};
			name = Debug;
		};
		58F85FE825A9539D00A17781 /* Release */ = {
			isa = XCBuildConfiguration;
			baseConfigurationReference = C782A7EF7E06CFCACC5BF597 /* Pods-MarvelCharactersTests.release.xcconfig */;
			buildSettings = {
				ALWAYS_EMBED_SWIFT_STANDARD_LIBRARIES = YES;
				BUNDLE_LOADER = "$(TEST_HOST)";
				CODE_SIGN_STYLE = Automatic;
				INFOPLIST_FILE = MarvelCharactersTests/Info.plist;
				IPHONEOS_DEPLOYMENT_TARGET = 14.0;
				LD_RUNPATH_SEARCH_PATHS = (
					"$(inherited)",
					"@executable_path/Frameworks",
					"@loader_path/Frameworks",
				);
				PRODUCT_BUNDLE_IDENTIFIER = com.semedo.MarvelCharactersTests;
				PRODUCT_NAME = "$(TARGET_NAME)";
				SWIFT_VERSION = 5.0;
				TARGETED_DEVICE_FAMILY = "1,2";
				TEST_HOST = "$(BUILT_PRODUCTS_DIR)/MarvelCharacters.app/MarvelCharacters";
			};
			name = Release;
		};
		58F85FEA25A9539D00A17781 /* Debug */ = {
			isa = XCBuildConfiguration;
			baseConfigurationReference = 5AA5ED432E41EB4E88E25CD8 /* Pods-MarvelCharacters-MarvelCharactersUITests.debug.xcconfig */;
			buildSettings = {
				ALWAYS_EMBED_SWIFT_STANDARD_LIBRARIES = YES;
				CODE_SIGN_STYLE = Automatic;
				INFOPLIST_FILE = MarvelCharactersUITests/Info.plist;
				LD_RUNPATH_SEARCH_PATHS = (
					"$(inherited)",
					"@executable_path/Frameworks",
					"@loader_path/Frameworks",
				);
				PRODUCT_BUNDLE_IDENTIFIER = com.semedo.MarvelCharactersUITests;
				PRODUCT_NAME = "$(TARGET_NAME)";
				SWIFT_VERSION = 5.0;
				TARGETED_DEVICE_FAMILY = "1,2";
				TEST_TARGET_NAME = MarvelCharacters;
			};
			name = Debug;
		};
		58F85FEB25A9539D00A17781 /* Release */ = {
			isa = XCBuildConfiguration;
			baseConfigurationReference = DE6657900D536066C8D0FDE7 /* Pods-MarvelCharacters-MarvelCharactersUITests.release.xcconfig */;
			buildSettings = {
				ALWAYS_EMBED_SWIFT_STANDARD_LIBRARIES = YES;
				CODE_SIGN_STYLE = Automatic;
				INFOPLIST_FILE = MarvelCharactersUITests/Info.plist;
				LD_RUNPATH_SEARCH_PATHS = (
					"$(inherited)",
					"@executable_path/Frameworks",
					"@loader_path/Frameworks",
				);
				PRODUCT_BUNDLE_IDENTIFIER = com.semedo.MarvelCharactersUITests;
				PRODUCT_NAME = "$(TARGET_NAME)";
				SWIFT_VERSION = 5.0;
				TARGETED_DEVICE_FAMILY = "1,2";
				TEST_TARGET_NAME = MarvelCharacters;
			};
			name = Release;
		};
/* End XCBuildConfiguration section */

/* Begin XCConfigurationList section */
		58F85FB125A9539C00A17781 /* Build configuration list for PBXProject "MarvelCharacters" */ = {
			isa = XCConfigurationList;
			buildConfigurations = (
				58F85FE125A9539D00A17781 /* Debug */,
				58F85FE225A9539D00A17781 /* Release */,
			);
			defaultConfigurationIsVisible = 0;
			defaultConfigurationName = Release;
		};
		58F85FE325A9539D00A17781 /* Build configuration list for PBXNativeTarget "MarvelCharacters" */ = {
			isa = XCConfigurationList;
			buildConfigurations = (
				58F85FE425A9539D00A17781 /* Debug */,
				58F85FE525A9539D00A17781 /* Release */,
			);
			defaultConfigurationIsVisible = 0;
			defaultConfigurationName = Release;
		};
		58F85FE625A9539D00A17781 /* Build configuration list for PBXNativeTarget "MarvelCharactersTests" */ = {
			isa = XCConfigurationList;
			buildConfigurations = (
				58F85FE725A9539D00A17781 /* Debug */,
				58F85FE825A9539D00A17781 /* Release */,
			);
			defaultConfigurationIsVisible = 0;
			defaultConfigurationName = Release;
		};
		58F85FE925A9539D00A17781 /* Build configuration list for PBXNativeTarget "MarvelCharactersUITests" */ = {
			isa = XCConfigurationList;
			buildConfigurations = (
				58F85FEA25A9539D00A17781 /* Debug */,
				58F85FEB25A9539D00A17781 /* Release */,
			);
			defaultConfigurationIsVisible = 0;
			defaultConfigurationName = Release;
		};
/* End XCConfigurationList section */

/* Begin XCVersionGroup section */
		58F85FC225A9539C00A17781 /* MarvelCharacters.xcdatamodeld */ = {
			isa = XCVersionGroup;
			children = (
				58F85FC325A9539C00A17781 /* MarvelCharacters.xcdatamodel */,
			);
			currentVersion = 58F85FC325A9539C00A17781 /* MarvelCharacters.xcdatamodel */;
			path = MarvelCharacters.xcdatamodeld;
			sourceTree = "<group>";
			versionGroupType = wrapper.xcdatamodel;
		};
/* End XCVersionGroup section */
	};
	rootObject = 58F85FAE25A9539C00A17781 /* Project object */;
}
